
Microsoft Visual Studio Solution File, Format Version 12.00
Project("{FAE04EC0-301F-11D3-BF4B-00C04F79EFBC}") = "VirtualStreetSnap", "src\VirtualStreetSnap\VirtualStreetSnap.csproj", "{96B3126D-0984-47CB-A232-29B8B513745A}"
EndProject
Project("{2150E333-8FDC-42A3-9474-1A3956D46DE8}") = "src", "src", "{1D131139-A796-41E7-AB85-C4E74BA55F13}"
EndProject
Global
	GlobalSection(SolutionConfigurationPlatforms) = preSolution
		Debug|Any CPU = Debug|Any CPU
		Release|Any CPU = Release|Any CPU
	EndGlobalSection
	GlobalSection(ProjectConfigurationPlatforms) = postSolution
		{96B3126D-0984-47CB-A232-29B8B513745A}.Debug|Any CPU.ActiveCfg = Debug|Any CPU
		{96B3126D-0984-47CB-A232-29B8B513745A}.Debug|Any CPU.Build.0 = Debug|Any CPU
		{96B3126D-0984-47CB-A232-29B8B513745A}.Release|Any CPU.ActiveCfg = Release|Any CPU
		{96B3126D-0984-47CB-A232-29B8B513745A}.Release|Any CPU.Build.0 = Release|Any CPU
	EndGlobalSection
	GlobalSection(NestedProjects) = preSolution
		{96B3126D-0984-47CB-A232-29B8B513745A} = {1D131139-A796-41E7-AB85-C4E74BA55F13}
	EndGlobalSection
EndGlobal
